
Microsoft Visual Studio Solution File, Format Version 12.00
# Visual Studio 15
VisualStudioVersion = 15.0.28307.489
MinimumVisualStudioVersion = 10.0.40219.1
Project("{8BC9CEB8-8B4A-11D0-8D11-00A0C91BC942}") = "TCPServer", "TCPServer\TCPServer.vcxproj", "{BCC2C107-C9C5-490C-AFB2-DA0846305F4A}"
EndProject
Project("{8BC9CEB8-8B4A-11D0-8D11-00A0C91BC942}") = "TCPClient", "TCPClient\TCPClient.vcxproj", "{43AB49C9-C936-4AF8-BF46-B3BD29BAD292}"
EndProject
Global
	GlobalSection(SolutionConfigurationPlatforms) = preSolution
		Debug|x64 = Debug|x64
		Debug|x86 = Debug|x86
		Release|x64 = Release|x64
		Release|x86 = Release|x86
	EndGlobalSection
	GlobalSection(ProjectConfigurationPlatforms) = postSolution
		{BCC2C107-C9C5-490C-AFB2-DA0846305F4A}.Debug|x64.ActiveCfg = Debug|x64
		{BCC2C107-C9C5-490C-AFB2-DA0846305F4A}.Debug|x64.Build.0 = Debug|x64
		{BCC2C107-C9C5-490C-AFB2-DA0846305F4A}.Debug|x86.ActiveCfg = Debug|Win32
		{BCC2C107-C9C5-490C-AFB2-DA0846305F4A}.Debug|x86.Build.0 = Debug|Win32
		{BCC2C107-C9C5-490C-AFB2-DA0846305F4A}.Release|x64.ActiveCfg = Release|x64
		{BCC2C107-C9C5-490C-AFB2-DA0846305F4A}.Release|x64.Build.0 = Release|x64
		{BCC2C107-C9C5-490C-AFB2-DA0846305F4A}.Release|x86.ActiveCfg = Release|Win32
		{BCC2C107-C9C5-490C-AFB2-DA0846305F4A}.Release|x86.Build.0 = Release|Win32
		{43AB49C9-C936-4AF8-BF46-B3BD29BAD292}.Debug|x64.ActiveCfg = Debug|x64
		{43AB49C9-C936-4AF8-BF46-B3BD29BAD292}.Debug|x64.Build.0 = Debug|x64
		{43AB49C9-C936-4AF8-BF46-B3BD29BAD292}.Debug|x86.ActiveCfg = Debug|Win32
		{43AB49C9-C936-4AF8-BF46-B3BD29BAD292}.Debug|x86.Build.0 = Debug|Win32
		{43AB49C9-C936-4AF8-BF46-B3BD29BAD292}.Release|x64.ActiveCfg = Release|x64
		{43AB49C9-C936-4AF8-BF46-B3BD29BAD292}.Release|x64.Build.0 = Release|x64
		{43AB49C9-C936-4AF8-BF46-B3BD29BAD292}.Release|x86.ActiveCfg = Release|Win32
		{43AB49C9-C936-4AF8-BF46-B3BD29BAD292}.Release|x86.Build.0 = Release|Win32
	EndGlobalSection
	GlobalSection(SolutionProperties) = preSolution
		HideSolutionNode = FALSE
	EndGlobalSection
	GlobalSection(ExtensibilityGlobals) = postSolution
		SolutionGuid = {AE8990B4-F810-4D5C-A162-2EF3D36AE9EE}
	EndGlobalSection
EndGlobal
